{
  "originHash" : "61e07f0a9b26db817b57484b2830a42d542883023e7468099e9229e0d0842601",
  "pins" : [
    {
      "identity" : "clt-logger",
      "kind" : "remoteSourceControl",
      "location" : "https://github.com/xcode-actions/clt-logger.git",
      "state" : {
        "revision" : "d2d2be799fde3e564f6f2c35b708403bf609a0fb",
        "version" : "0.9.0"
      }
    },
    {
      "identity" : "copenssl",
      "kind" : "remoteSourceControl",
      "location" : "https://github.com/xcode-actions/COpenSSL.git",
      "state" : {
        "revision" : "47a2954ae824b7ce22beecf8afb73ac56dc708f4",
        "version" : "1.1.115"
      }
    },
    {
      "identity" : "stream-reader",
      "kind" : "remoteSourceControl",
      "location" : "https://github.com/Frizlab/stream-reader.git",
      "state" : {
        "revision" : "13c99289668e1dedfcf28c05867cb8fe0860b133",
        "version" : "3.5.2"
      }
    },
    {
      "identity" : "swift-argument-parser",
      "kind" : "remoteSourceControl",
      "location" : "https://github.com/apple/swift-argument-parser.git",
      "state" : {
        "revision" : "41982a3656a71c768319979febd796c6fd111d5c",
        "version" : "1.5.0"
      }
    },
    {
      "identity" : "swift-log",
      "kind" : "remoteSourceControl",
      "location" : "https://github.com/apple/swift-log.git",
      "state" : {
        "revision" : "96a2f8a0fa41e9e09af4585e2724c4e825410b91",
        "version" : "1.6.2"
      }
    },
    {
      "identity" : "unwraporthrow",
      "kind" : "remoteSourceControl",
      "location" : "https://github.com/Frizlab/UnwrapOrThrow.git",
      "state" : {
        "revision" : "085ea7b599b0db956541b7189a57b0c98f15337f",
        "version" : "1.0.1"
      }
    }
  ],
  "version" : 3
}
